
Microsoft Visual Studio Solution File, Format Version 12.00
# Visual Studio 15
VisualStudioVersion = 15.0.27130.2027
MinimumVisualStudioVersion = 10.0.40219.1
Project("{8BC9CEB8-8B4A-11D0-8D11-00A0C91BC942}") = "DREAMSOLISTER", "DREAMSOLISTER\DREAMSOLISTER.vcxproj", "{F8CFBD17-467F-4E13-92E0-617110F08626}"
	ProjectSection(ProjectDependencies) = postProject
		{F2B76116-06E8-4C12-844A-E5D750AE241A} = {F2B76116-06E8-4C12-844A-E5D750AE241A}
		{FDF03B74-3FD8-4B2F-B25E-CDA3A57C03CF} = {FDF03B74-3FD8-4B2F-B25E-CDA3A57C03CF}
	EndProjectSection
EndProject
Project("{8BC9CEB8-8B4A-11D0-8D11-00A0C91BC942}") = "S2VX", "..\..\S2VX\S2VX\S2VX.vcxproj", "{FDF03B74-3FD8-4B2F-B25E-CDA3A57C03CF}"
EndProject
Project("{FAE04EC0-301F-11D3-BF4B-00C04F79EFBC}") = "ShapeAnimation", "ShapeAnimation\ShapeAnimation.csproj", "{B656363E-DA80-4301-B734-BE82932CD280}"
EndProject
Project("{8BC9CEB8-8B4A-11D0-8D11-00A0C91BC942}") = "S2RYBRUH", "..\..\OsuukiSB\S2RYBRUH\S2RYBRUH\S2RYBRUH.vcxproj", "{F2B76116-06E8-4C12-844A-E5D750AE241A}"
EndProject
Global
	GlobalSection(SolutionConfigurationPlatforms) = preSolution
		Debug|Any CPU = Debug|Any CPU
		Debug|x64 = Debug|x64
		Debug|x86 = Debug|x86
		Release|Any CPU = Release|Any CPU
		Release|x64 = Release|x64
		Release|x86 = Release|x86
	EndGlobalSection
	GlobalSection(ProjectConfigurationPlatforms) = postSolution
		{F8CFBD17-467F-4E13-92E0-617110F08626}.Debug|Any CPU.ActiveCfg = Debug|Win32
		{F8CFBD17-467F-4E13-92E0-617110F08626}.Debug|Any CPU.Build.0 = Debug|Win32
		{F8CFBD17-467F-4E13-92E0-617110F08626}.Debug|x64.ActiveCfg = Debug|x64
		{F8CFBD17-467F-4E13-92E0-617110F08626}.Debug|x64.Build.0 = Debug|x64
		{F8CFBD17-467F-4E13-92E0-617110F08626}.Debug|x86.ActiveCfg = Debug|Win32
		{F8CFBD17-467F-4E13-92E0-617110F08626}.Debug|x86.Build.0 = Debug|Win32
		{F8CFBD17-467F-4E13-92E0-617110F08626}.Release|Any CPU.ActiveCfg = Release|Win32
		{F8CFBD17-467F-4E13-92E0-617110F08626}.Release|x64.ActiveCfg = Release|x64
		{F8CFBD17-467F-4E13-92E0-617110F08626}.Release|x64.Build.0 = Release|x64
		{F8CFBD17-467F-4E13-92E0-617110F08626}.Release|x86.ActiveCfg = Release|Win32
		{F8CFBD17-467F-4E13-92E0-617110F08626}.Release|x86.Build.0 = Release|Win32
		{FDF03B74-3FD8-4B2F-B25E-CDA3A57C03CF}.Debug|Any CPU.ActiveCfg = Debug|Win32
		{FDF03B74-3FD8-4B2F-B25E-CDA3A57C03CF}.Debug|Any CPU.Build.0 = Debug|Win32
		{FDF03B74-3FD8-4B2F-B25E-CDA3A57C03CF}.Debug|x64.ActiveCfg = Debug|x64
		{FDF03B74-3FD8-4B2F-B25E-CDA3A57C03CF}.Debug|x64.Build.0 = Debug|x64
		{FDF03B74-3FD8-4B2F-B25E-CDA3A57C03CF}.Debug|x86.ActiveCfg = Debug|Win32
		{FDF03B74-3FD8-4B2F-B25E-CDA3A57C03CF}.Debug|x86.Build.0 = Debug|Win32
		{FDF03B74-3FD8-4B2F-B25E-CDA3A57C03CF}.Release|Any CPU.ActiveCfg = Release|Win32
		{FDF03B74-3FD8-4B2F-B25E-CDA3A57C03CF}.Release|x64.ActiveCfg = Release|x64
		{FDF03B74-3FD8-4B2F-B25E-CDA3A57C03CF}.Release|x64.Build.0 = Release|x64
		{FDF03B74-3FD8-4B2F-B25E-CDA3A57C03CF}.Release|x86.ActiveCfg = Release|Win32
		{FDF03B74-3FD8-4B2F-B25E-CDA3A57C03CF}.Release|x86.Build.0 = Release|Win32
		{B656363E-DA80-4301-B734-BE82932CD280}.Debug|Any CPU.ActiveCfg = Debug|Any CPU
		{B656363E-DA80-4301-B734-BE82932CD280}.Debug|Any CPU.Build.0 = Debug|Any CPU
		{B656363E-DA80-4301-B734-BE82932CD280}.Debug|x64.ActiveCfg = Debug|Any CPU
		{B656363E-DA80-4301-B734-BE82932CD280}.Debug|x64.Build.0 = Debug|Any CPU
		{B656363E-DA80-4301-B734-BE82932CD280}.Debug|x86.ActiveCfg = Debug|Any CPU
		{B656363E-DA80-4301-B734-BE82932CD280}.Debug|x86.Build.0 = Debug|Any CPU
		{B656363E-DA80-4301-B734-BE82932CD280}.Release|Any CPU.ActiveCfg = Release|Any CPU
		{B656363E-DA80-4301-B734-BE82932CD280}.Release|Any CPU.Build.0 = Release|Any CPU
		{B656363E-DA80-4301-B734-BE82932CD280}.Release|x64.ActiveCfg = Release|Any CPU
		{B656363E-DA80-4301-B734-BE82932CD280}.Release|x64.Build.0 = Release|Any CPU
		{B656363E-DA80-4301-B734-BE82932CD280}.Release|x86.ActiveCfg = Release|Any CPU
		{B656363E-DA80-4301-B734-BE82932CD280}.Release|x86.Build.0 = Release|Any CPU
		{F2B76116-06E8-4C12-844A-E5D750AE241A}.Debug|Any CPU.ActiveCfg = Debug|Win32
		{F2B76116-06E8-4C12-844A-E5D750AE241A}.Debug|Any CPU.Build.0 = Debug|Win32
		{F2B76116-06E8-4C12-844A-E5D750AE241A}.Debug|x64.ActiveCfg = Debug|x64
		{F2B76116-06E8-4C12-844A-E5D750AE241A}.Debug|x64.Build.0 = Debug|x64
		{F2B76116-06E8-4C12-844A-E5D750AE241A}.Debug|x86.ActiveCfg = Debug|Win32
		{F2B76116-06E8-4C12-844A-E5D750AE241A}.Debug|x86.Build.0 = Debug|Win32
		{F2B76116-06E8-4C12-844A-E5D750AE241A}.Release|Any CPU.ActiveCfg = Release|Win32
		{F2B76116-06E8-4C12-844A-E5D750AE241A}.Release|x64.ActiveCfg = Release|x64
		{F2B76116-06E8-4C12-844A-E5D750AE241A}.Release|x64.Build.0 = Release|x64
		{F2B76116-06E8-4C12-844A-E5D750AE241A}.Release|x86.ActiveCfg = Release|Win32
		{F2B76116-06E8-4C12-844A-E5D750AE241A}.Release|x86.Build.0 = Release|Win32
	EndGlobalSection
	GlobalSection(SolutionProperties) = preSolution
		HideSolutionNode = FALSE
	EndGlobalSection
	GlobalSection(ExtensibilityGlobals) = postSolution
		SolutionGuid = {9BDD7AF0-4A50-4A51-BD29-0A6CFEBCA55A}
	EndGlobalSection
EndGlobal
