<?xml version="1.0" encoding="utf-8"?>
<Project ToolsVersion="4.0" xmlns="http://schemas.microsoft.com/developer/msbuild/2003">
  <ItemGroup>
    <Filter Include="Source Files">
      <UniqueIdentifier>{4FC737F1-C7A5-4376-A066-2A32D752A2FF}</UniqueIdentifier>
      <Extensions>cpp;c;cc;cxx;def;odl;idl;hpj;bat;asm;asmx</Extensions>
    </Filter>
    <Filter Include="Header Files">
      <UniqueIdentifier>{93995380-89BD-4b04-88EB-625FBE52EBFB}</UniqueIdentifier>
      <Extensions>h;hh;hpp;hxx;hm;inl;inc;xsd</Extensions>
    </Filter>
    <Filter Include="Resource Files">
      <UniqueIdentifier>{67DA6AB6-F800-4c08-8B7A-83BB121AAD01}</UniqueIdentifier>
      <Extensions>rc;ico;cur;bmp;dlg;rc2;rct;bin;rgs;gif;jpg;jpeg;jpe;resx;tiff;tif;png;wav;mfcribbon-ms</Extensions>
    </Filter>
    <Filter Include="Resource Files\chai">
      <UniqueIdentifier>{cf35c614-e3e0-4de8-a936-2d3ec272782e}</UniqueIdentifier>
    </Filter>
    <Filter Include="Resource Files\MusicSheet">
      <UniqueIdentifier>{002f5c7b-389c-460e-b26f-7f85bd378c8c}</UniqueIdentifier>
    </Filter>
    <Filter Include="Header Files\ShapeAnimation">
      <UniqueIdentifier>{310d9eaa-da20-46c2-a7e2-b13993ad4e66}</UniqueIdentifier>
    </Filter>
    <Filter Include="Resource Files\shan">
      <UniqueIdentifier>{52ddfc0c-b661-4951-a0b8-f3d06a9f2b90}</UniqueIdentifier>
    </Filter>
  </ItemGroup>
  <ItemGroup>
    <ClCompile Include="DREAMSOLISTER.cpp">
      <Filter>Source Files</Filter>
    </ClCompile>
    <ClCompile Include="SpriteGroup.cpp">
      <Filter>Source Files</Filter>
    </ClCompile>
    <ClCompile Include="MusicSheet.cpp">
      <Filter>Source Files</Filter>
    </ClCompile>
    <ClCompile Include="LinePoints.cpp">
      <Filter>Source Files</Filter>
    </ClCompile>
    <ClCompile Include="ShapeAnimation.cpp">
      <Filter>Source Files</Filter>
    </ClCompile>
  </ItemGroup>
  <ItemGroup>
    <Image Include="test.png">
      <Filter>Resource Files</Filter>
    </Image>
  </ItemGroup>
  <ItemGroup>
    <ClInclude Include="CameraValues.hpp">
      <Filter>Header Files</Filter>
    </ClInclude>
    <ClInclude Include="SpriteBinding.hpp">
      <Filter>Header Files</Filter>
    </ClInclude>
    <ClInclude Include="SpriteGroup.hpp">
      <Filter>Header Files</Filter>
    </ClInclude>
    <ClInclude Include="MusicSheet.hpp">
      <Filter>Header Files</Filter>
    </ClInclude>
    <ClInclude Include="LinePoints.hpp">
      <Filter>Header Files</Filter>
    </ClInclude>
    <ClInclude Include="json.hpp">
      <Filter>Header Files</Filter>
    </ClInclude>
    <ClInclude Include="ShapeAnimation.hpp">
      <Filter>Header Files\ShapeAnimation</Filter>
    </ClInclude>
    <ClInclude Include="ShapeType.hpp">
      <Filter>Header Files\ShapeAnimation</Filter>
    </ClInclude>
    <ClInclude Include="Shape.hpp">
      <Filter>Header Files\ShapeAnimation</Filter>
    </ClInclude>
  </ItemGroup>
  <ItemGroup>
    <None Include="drum.MusicSheet">
      <Filter>Resource Files\MusicSheet</Filter>
    </None>
    <None Include="voice.MusicSheet">
      <Filter>Resource Files\MusicSheet</Filter>
    </None>
    <None Include="wind.MusicSheet">
      <Filter>Resource Files\MusicSheet</Filter>
    </None>
    <None Include="lyric.MusicSheet">
      <Filter>Resource Files\MusicSheet</Filter>
    </None>
    <None Include="swing.chai">
      <Filter>Resource Files\chai</Filter>
    </None>
    <None Include="lyricSpin.chai">
      <Filter>Resource Files\chai</Filter>
    </None>
    <None Include="lyricSprite.chai">
      <Filter>Resource Files\chai</Filter>
    </None>
    <None Include="musicSheet.chai">
      <Filter>Resource Files\chai</Filter>
    </None>
    <None Include="test.shan">
      <Filter>Resource Files\shan</Filter>
    </None>
    <None Include="test.chai">
      <Filter>Resource Files\chai</Filter>
    </None>
    <None Include="test2.shan">
      <Filter>Resource Files\shan</Filter>
    </None>
    <None Include="test3.shan">
      <Filter>Resource Files\shan</Filter>
    </None>
  </ItemGroup>
</Project>